{
  "nodes": {
    "abehidek": {
      "inputs": {
        "nixpkgs": "nixpkgs",
        "rust-overlay": "rust-overlay",
        "stable": "stable"
      },
      "locked": {
        "lastModified": 1675037877,
        "narHash": "sha256-ihdi8oOvvvDXqDWoMfx379GAeSDrw7/WW/v86IKJdsA=",
        "owner": "abehidek",
        "repo": "env.nix",
        "rev": "3e6c461d483e192dd7c2bfdc897f26f3640640b5",
        "type": "github"
      },
      "original": {
        "owner": "abehidek",
        "repo": "env.nix",
        "type": "github"
      }
    },
    "flake-utils": {
      "locked": {
        "lastModified": 1659877975,
        "narHash": "sha256-zllb8aq3YO3h8B/U0/J1WBgAL8EX5yWf5pMj3G0NAmc=",
        "owner": "numtide",
        "repo": "flake-utils",
        "rev": "c0e246b9b83f637f4681389ecabcb2681b4f3af0",
        "type": "github"
      },
      "original": {
        "owner": "numtide",
        "repo": "flake-utils",
        "type": "github"
      }
    },
    "nixpkgs": {
      "locked": {
        "lastModified": 1673180965,
        "narHash": "sha256-gMhL6w9RVluvPs+irJ9n0Q1BphZm+Ek4XGn5Ow7YQ3k=",
        "owner": "nixos",
        "repo": "nixpkgs",
        "rev": "0c9aadc8eff6daaa5149d2df9e6c49baaf44161c",
        "type": "github"
      },
      "original": {
        "owner": "nixos",
        "ref": "nixpkgs-unstable",
        "repo": "nixpkgs",
        "type": "github"
      }
    },
    "nixpkgs_2": {
      "locked": {
        "lastModified": 1665296151,
        "narHash": "sha256-uOB0oxqxN9K7XGF1hcnY+PQnlQJ+3bP2vCn/+Ru/bbc=",
        "owner": "NixOS",
        "repo": "nixpkgs",
        "rev": "14ccaaedd95a488dd7ae142757884d8e125b3363",
        "type": "github"
      },
      "original": {
        "owner": "NixOS",
        "ref": "nixpkgs-unstable",
        "repo": "nixpkgs",
        "type": "github"
      }
    },
    "nixpkgs_3": {
      "locked": {
        "lastModified": 1675062963,
        "narHash": "sha256-a3IQvBtrwzgBWnLvY08VLCUKkF4bAb1DTgMtyJ+jmWc=",
        "owner": "nixos",
        "repo": "nixpkgs",
        "rev": "1badc6db75d797f53c77d18d89c4eb8616d205cc",
        "type": "github"
      },
      "original": {
        "owner": "nixos",
        "ref": "nixpkgs-unstable",
        "repo": "nixpkgs",
        "type": "github"
      }
    },
    "root": {
      "inputs": {
        "abehidek": "abehidek",
        "nixpkgs": "nixpkgs_3",
        "stable": "stable_2"
      }
    },
    "rust-overlay": {
      "inputs": {
        "flake-utils": "flake-utils",
        "nixpkgs": "nixpkgs_2"
      },
      "locked": {
        "lastModified": 1673922364,
        "narHash": "sha256-U0XIY/Y/x4fFtlCZKMtWlqOYUnLiXj4F42GQHxWuPow=",
        "owner": "oxalica",
        "repo": "rust-overlay",
        "rev": "4e0f9b8a5102387f8d19901bced16a256a6ccdc7",
        "type": "github"
      },
      "original": {
        "owner": "oxalica",
        "repo": "rust-overlay",
        "type": "github"
      }
    },
    "stable": {
      "locked": {
        "lastModified": 1673163619,
        "narHash": "sha256-B33PFBL64ZgTWgMnhFL3jgheAN/DjHPsZ1Ih3z0VE5I=",
        "owner": "nixos",
        "repo": "nixpkgs",
        "rev": "8c54d842d9544361aac5f5b212ba04e4089e8efe",
        "type": "github"
      },
      "original": {
        "owner": "nixos",
        "ref": "nixos-22.11",
        "repo": "nixpkgs",
        "type": "github"
      }
    },
    "stable_2": {
      "locked": {
        "lastModified": 1675061157,
        "narHash": "sha256-F7/F65ZFWbq7cKSiV3K2acxCv64jKaZZ/K0A3VNT2kA=",
        "owner": "nixos",
        "repo": "nixpkgs",
        "rev": "f413457e0dd7a42adefdbcea4391dd9751509025",
        "type": "github"
      },
      "original": {
        "owner": "nixos",
        "ref": "nixos-22.11",
        "repo": "nixpkgs",
        "type": "github"
      }
    }
  },
  "root": "root",
  "version": 7
}
